
Microsoft Visual Studio Solution File, Format Version 12.00
# Visual Studio 15
VisualStudioVersion = 15.0.28307.779
MinimumVisualStudioVersion = 10.0.40219.1
Project("{262852C6-CD72-467D-83FE-5EEB1973A190}") = "DezvaluireaApp", "DezvaluireaApp\DezvaluireaApp.jsproj", "{26EAC042-483C-440C-AA02-F2AE1B0408FC}"
EndProject
Global
	GlobalSection(SolutionConfigurationPlatforms) = preSolution
		Debug|Android = Debug|Android
		Debug|iOS = Debug|iOS
		Debug|Windows-ARM = Debug|Windows-ARM
		Debug|Windows-x64 = Debug|Windows-x64
		Debug|Windows-x86 = Debug|Windows-x86
		Release|Android = Release|Android
		Release|iOS = Release|iOS
		Release|Windows-ARM = Release|Windows-ARM
		Release|Windows-x64 = Release|Windows-x64
		Release|Windows-x86 = Release|Windows-x86
	EndGlobalSection
	GlobalSection(ProjectConfigurationPlatforms) = postSolution
		{26EAC042-483C-440C-AA02-F2AE1B0408FC}.Debug|Android.ActiveCfg = Debug|Android
		{26EAC042-483C-440C-AA02-F2AE1B0408FC}.Debug|Android.Build.0 = Debug|Android
		{26EAC042-483C-440C-AA02-F2AE1B0408FC}.Debug|Android.Deploy.0 = Debug|Android
		{26EAC042-483C-440C-AA02-F2AE1B0408FC}.Debug|iOS.ActiveCfg = Debug|iOS
		{26EAC042-483C-440C-AA02-F2AE1B0408FC}.Debug|iOS.Build.0 = Debug|iOS
		{26EAC042-483C-440C-AA02-F2AE1B0408FC}.Debug|iOS.Deploy.0 = Debug|iOS
		{26EAC042-483C-440C-AA02-F2AE1B0408FC}.Debug|Windows-ARM.ActiveCfg = Debug|Windows-ARM
		{26EAC042-483C-440C-AA02-F2AE1B0408FC}.Debug|Windows-ARM.Build.0 = Debug|Windows-ARM
		{26EAC042-483C-440C-AA02-F2AE1B0408FC}.Debug|Windows-ARM.Deploy.0 = Debug|Windows-ARM
		{26EAC042-483C-440C-AA02-F2AE1B0408FC}.Debug|Windows-x64.ActiveCfg = Debug|Windows-x64
		{26EAC042-483C-440C-AA02-F2AE1B0408FC}.Debug|Windows-x64.Build.0 = Debug|Windows-x64
		{26EAC042-483C-440C-AA02-F2AE1B0408FC}.Debug|Windows-x64.Deploy.0 = Debug|Windows-x64
		{26EAC042-483C-440C-AA02-F2AE1B0408FC}.Debug|Windows-x86.ActiveCfg = Debug|Windows-x86
		{26EAC042-483C-440C-AA02-F2AE1B0408FC}.Debug|Windows-x86.Build.0 = Debug|Windows-x86
		{26EAC042-483C-440C-AA02-F2AE1B0408FC}.Debug|Windows-x86.Deploy.0 = Debug|Windows-x86
		{26EAC042-483C-440C-AA02-F2AE1B0408FC}.Release|Android.ActiveCfg = Release|Android
		{26EAC042-483C-440C-AA02-F2AE1B0408FC}.Release|Android.Build.0 = Release|Android
		{26EAC042-483C-440C-AA02-F2AE1B0408FC}.Release|Android.Deploy.0 = Release|Android
		{26EAC042-483C-440C-AA02-F2AE1B0408FC}.Release|iOS.ActiveCfg = Release|iOS
		{26EAC042-483C-440C-AA02-F2AE1B0408FC}.Release|iOS.Build.0 = Release|iOS
		{26EAC042-483C-440C-AA02-F2AE1B0408FC}.Release|iOS.Deploy.0 = Release|iOS
		{26EAC042-483C-440C-AA02-F2AE1B0408FC}.Release|Windows-ARM.ActiveCfg = Release|Windows-ARM
		{26EAC042-483C-440C-AA02-F2AE1B0408FC}.Release|Windows-ARM.Build.0 = Release|Windows-ARM
		{26EAC042-483C-440C-AA02-F2AE1B0408FC}.Release|Windows-ARM.Deploy.0 = Release|Windows-ARM
		{26EAC042-483C-440C-AA02-F2AE1B0408FC}.Release|Windows-x64.ActiveCfg = Release|Windows-x64
		{26EAC042-483C-440C-AA02-F2AE1B0408FC}.Release|Windows-x64.Build.0 = Release|Windows-x64
		{26EAC042-483C-440C-AA02-F2AE1B0408FC}.Release|Windows-x64.Deploy.0 = Release|Windows-x64
		{26EAC042-483C-440C-AA02-F2AE1B0408FC}.Release|Windows-x86.ActiveCfg = Release|Windows-x86
		{26EAC042-483C-440C-AA02-F2AE1B0408FC}.Release|Windows-x86.Build.0 = Release|Windows-x86
		{26EAC042-483C-440C-AA02-F2AE1B0408FC}.Release|Windows-x86.Deploy.0 = Release|Windows-x86
	EndGlobalSection
	GlobalSection(SolutionProperties) = preSolution
		HideSolutionNode = FALSE
	EndGlobalSection
	GlobalSection(ExtensibilityGlobals) = postSolution
		SolutionGuid = {C8017457-E899-4ECB-B27B-8A5C1B82B827}
	EndGlobalSection
EndGlobal
